
Microsoft Visual Studio Solution File, Format Version 12.00
# Visual Studio 15
VisualStudioVersion = 15.0.27428.2015
MinimumVisualStudioVersion = 10.0.40219.1
Project("{FAE04EC0-301F-11D3-BF4B-00C04F79EFBC}") = "RobotVisualTracking", "RobotVisualTracking\RobotVisualTracking.csproj", "{F1818CC8-BCC6-49D9-8D23-1C8F36B0934E}"
EndProject
Project("{FAE04EC0-301F-11D3-BF4B-00C04F79EFBC}") = "SK_FVision", "SK_ForVision\SK_FVision.csproj", "{365184B2-8499-41CD-A4A3-9C2CC9DBA750}"
EndProject
Project("{FAE04EC0-301F-11D3-BF4B-00C04F79EFBC}") = "SK_FControl", "SK_FControl\SK_FControl.csproj", "{B75A9186-4F28-49CB-833F-2375D5EA42C0}"
EndProject
Project("{FAE04EC0-301F-11D3-BF4B-00C04F79EFBC}") = "SK_FModel", "SK_FModel\SK_FModel.csproj", "{AB2CCA12-3749-413F-A7FF-D7AF7F9688AF}"
EndProject
Project("{FAE04EC0-301F-11D3-BF4B-00C04F79EFBC}") = "SK_FCommon", "SK_FCommon\SK_FCommon.csproj", "{499970F7-0091-4BE7-B452-365067B41108}"
EndProject
Project("{FAE04EC0-301F-11D3-BF4B-00C04F79EFBC}") = "RobotVT.Controller", "RobotVT.Controller\RobotVT.Controller.csproj", "{A89DE416-5CF1-49B6-BD91-52C46838F224}"
EndProject
Project("{FAE04EC0-301F-11D3-BF4B-00C04F79EFBC}") = "SK_FDBUtility", "SK_FDBUtility\SK_FDBUtility.csproj", "{AAD08C7D-670B-491C-A57E-0E97C438A089}"
EndProject
Project("{FAE04EC0-301F-11D3-BF4B-00C04F79EFBC}") = "RobotVT.Model", "RobotVT.Model\RobotVT.Model.csproj", "{826B742D-0210-47DC-B339-4A13350DA884}"
EndProject
Project("{FAE04EC0-301F-11D3-BF4B-00C04F79EFBC}") = "RobotVT.Resources", "RobotVT.Resources\RobotVT.Resources.csproj", "{1A218A51-5ECD-47F5-BAD7-2703F16A2794}"
EndProject
Global
	GlobalSection(SolutionConfigurationPlatforms) = preSolution
		Debug|Any CPU = Debug|Any CPU
		Release|Any CPU = Release|Any CPU
	EndGlobalSection
	GlobalSection(ProjectConfigurationPlatforms) = postSolution
		{F1818CC8-BCC6-49D9-8D23-1C8F36B0934E}.Debug|Any CPU.ActiveCfg = Debug|Any CPU
		{F1818CC8-BCC6-49D9-8D23-1C8F36B0934E}.Debug|Any CPU.Build.0 = Debug|Any CPU
		{F1818CC8-BCC6-49D9-8D23-1C8F36B0934E}.Release|Any CPU.ActiveCfg = Release|Any CPU
		{F1818CC8-BCC6-49D9-8D23-1C8F36B0934E}.Release|Any CPU.Build.0 = Release|Any CPU
		{365184B2-8499-41CD-A4A3-9C2CC9DBA750}.Debug|Any CPU.ActiveCfg = Debug|Any CPU
		{365184B2-8499-41CD-A4A3-9C2CC9DBA750}.Debug|Any CPU.Build.0 = Debug|Any CPU
		{365184B2-8499-41CD-A4A3-9C2CC9DBA750}.Release|Any CPU.ActiveCfg = Release|Any CPU
		{365184B2-8499-41CD-A4A3-9C2CC9DBA750}.Release|Any CPU.Build.0 = Release|Any CPU
		{B75A9186-4F28-49CB-833F-2375D5EA42C0}.Debug|Any CPU.ActiveCfg = Debug|Any CPU
		{B75A9186-4F28-49CB-833F-2375D5EA42C0}.Debug|Any CPU.Build.0 = Debug|Any CPU
		{B75A9186-4F28-49CB-833F-2375D5EA42C0}.Release|Any CPU.ActiveCfg = Release|Any CPU
		{B75A9186-4F28-49CB-833F-2375D5EA42C0}.Release|Any CPU.Build.0 = Release|Any CPU
		{AB2CCA12-3749-413F-A7FF-D7AF7F9688AF}.Debug|Any CPU.ActiveCfg = Debug|Any CPU
		{AB2CCA12-3749-413F-A7FF-D7AF7F9688AF}.Debug|Any CPU.Build.0 = Debug|Any CPU
		{AB2CCA12-3749-413F-A7FF-D7AF7F9688AF}.Release|Any CPU.ActiveCfg = Release|Any CPU
		{AB2CCA12-3749-413F-A7FF-D7AF7F9688AF}.Release|Any CPU.Build.0 = Release|Any CPU
		{499970F7-0091-4BE7-B452-365067B41108}.Debug|Any CPU.ActiveCfg = Debug|Any CPU
		{499970F7-0091-4BE7-B452-365067B41108}.Debug|Any CPU.Build.0 = Debug|Any CPU
		{499970F7-0091-4BE7-B452-365067B41108}.Release|Any CPU.ActiveCfg = Release|Any CPU
		{499970F7-0091-4BE7-B452-365067B41108}.Release|Any CPU.Build.0 = Release|Any CPU
		{A89DE416-5CF1-49B6-BD91-52C46838F224}.Debug|Any CPU.ActiveCfg = Debug|Any CPU
		{A89DE416-5CF1-49B6-BD91-52C46838F224}.Debug|Any CPU.Build.0 = Debug|Any CPU
		{A89DE416-5CF1-49B6-BD91-52C46838F224}.Release|Any CPU.ActiveCfg = Release|Any CPU
		{A89DE416-5CF1-49B6-BD91-52C46838F224}.Release|Any CPU.Build.0 = Release|Any CPU
		{AAD08C7D-670B-491C-A57E-0E97C438A089}.Debug|Any CPU.ActiveCfg = Debug|Any CPU
		{AAD08C7D-670B-491C-A57E-0E97C438A089}.Debug|Any CPU.Build.0 = Debug|Any CPU
		{AAD08C7D-670B-491C-A57E-0E97C438A089}.Release|Any CPU.ActiveCfg = Release|Any CPU
		{AAD08C7D-670B-491C-A57E-0E97C438A089}.Release|Any CPU.Build.0 = Release|Any CPU
		{826B742D-0210-47DC-B339-4A13350DA884}.Debug|Any CPU.ActiveCfg = Debug|Any CPU
		{826B742D-0210-47DC-B339-4A13350DA884}.Debug|Any CPU.Build.0 = Debug|Any CPU
		{826B742D-0210-47DC-B339-4A13350DA884}.Release|Any CPU.ActiveCfg = Release|Any CPU
		{826B742D-0210-47DC-B339-4A13350DA884}.Release|Any CPU.Build.0 = Release|Any CPU
		{1A218A51-5ECD-47F5-BAD7-2703F16A2794}.Debug|Any CPU.ActiveCfg = Debug|Any CPU
		{1A218A51-5ECD-47F5-BAD7-2703F16A2794}.Debug|Any CPU.Build.0 = Debug|Any CPU
		{1A218A51-5ECD-47F5-BAD7-2703F16A2794}.Release|Any CPU.ActiveCfg = Release|Any CPU
		{1A218A51-5ECD-47F5-BAD7-2703F16A2794}.Release|Any CPU.Build.0 = Release|Any CPU
	EndGlobalSection
	GlobalSection(SolutionProperties) = preSolution
		HideSolutionNode = FALSE
	EndGlobalSection
	GlobalSection(ExtensibilityGlobals) = postSolution
		SolutionGuid = {61730DD9-3022-4B0C-B114-1EB804E58939}
	EndGlobalSection
EndGlobal
